
Microsoft Visual Studio Solution File, Format Version 12.00
# Visual Studio Version 17
VisualStudioVersion = 17.4.33110.190
MinimumVisualStudioVersion = 10.0.40219.1
Project("{FAE04EC0-301F-11D3-BF4B-00C04F79EFBC}") = "MagicVilla_VillaAPI", "MagicVilla_VillaAPI\MagicVilla_VillaAPI.csproj", "{2B639DF4-4C36-462C-9DA3-6C8754A87EDE}"
EndProject
Global
	GlobalSection(SolutionConfigurationPlatforms) = preSolution
		Debug|Any CPU = Debug|Any CPU
		Release|Any CPU = Release|Any CPU
	EndGlobalSection
	GlobalSection(ProjectConfigurationPlatforms) = postSolution
		{2B639DF4-4C36-462C-9DA3-6C8754A87EDE}.Debug|Any CPU.ActiveCfg = Debug|Any CPU
		{2B639DF4-4C36-462C-9DA3-6C8754A87EDE}.Debug|Any CPU.Build.0 = Debug|Any CPU
		{2B639DF4-4C36-462C-9DA3-6C8754A87EDE}.Release|Any CPU.ActiveCfg = Release|Any CPU
		{2B639DF4-4C36-462C-9DA3-6C8754A87EDE}.Release|Any CPU.Build.0 = Release|Any CPU
	EndGlobalSection
	GlobalSection(SolutionProperties) = preSolution
		HideSolutionNode = FALSE
	EndGlobalSection
	GlobalSection(ExtensibilityGlobals) = postSolution
		SolutionGuid = {4DDE32BD-290E-4252-8AC8-3EE9391E1C10}
	EndGlobalSection
EndGlobal
